
Microsoft Visual Studio Solution File, Format Version 12.00
# Visual Studio Version 17
VisualStudioVersion = 17.0.32112.339
MinimumVisualStudioVersion = 10.0.40219.1
Project("{FAE04EC0-301F-11D3-BF4B-00C04F79EFBC}") = "Model", "Model\Model.csproj", "{A18131D9-E951-48B7-B649-6F59E8AF08C6}"
EndProject
Project("{FAE04EC0-301F-11D3-BF4B-00C04F79EFBC}") = "View", "View\View.csproj", "{6BA27150-BDE3-4B85-A7FF-399FA81B4DA2}"
EndProject
Project("{FAE04EC0-301F-11D3-BF4B-00C04F79EFBC}") = "ViewModel", "ViewModel\ViewModel.csproj", "{9B1BAD38-C9F1-462F-9E32-0BA266CC7A1D}"
EndProject
Global
	GlobalSection(SolutionConfigurationPlatforms) = preSolution
		Debug|Any CPU = Debug|Any CPU
		Release|Any CPU = Release|Any CPU
	EndGlobalSection
	GlobalSection(ProjectConfigurationPlatforms) = postSolution
		{A18131D9-E951-48B7-B649-6F59E8AF08C6}.Debug|Any CPU.ActiveCfg = Debug|Any CPU
		{A18131D9-E951-48B7-B649-6F59E8AF08C6}.Debug|Any CPU.Build.0 = Debug|Any CPU
		{A18131D9-E951-48B7-B649-6F59E8AF08C6}.Release|Any CPU.ActiveCfg = Release|Any CPU
		{A18131D9-E951-48B7-B649-6F59E8AF08C6}.Release|Any CPU.Build.0 = Release|Any CPU
		{6BA27150-BDE3-4B85-A7FF-399FA81B4DA2}.Debug|Any CPU.ActiveCfg = Debug|Any CPU
		{6BA27150-BDE3-4B85-A7FF-399FA81B4DA2}.Debug|Any CPU.Build.0 = Debug|Any CPU
		{6BA27150-BDE3-4B85-A7FF-399FA81B4DA2}.Release|Any CPU.ActiveCfg = Release|Any CPU
		{6BA27150-BDE3-4B85-A7FF-399FA81B4DA2}.Release|Any CPU.Build.0 = Release|Any CPU
		{9B1BAD38-C9F1-462F-9E32-0BA266CC7A1D}.Debug|Any CPU.ActiveCfg = Debug|Any CPU
		{9B1BAD38-C9F1-462F-9E32-0BA266CC7A1D}.Debug|Any CPU.Build.0 = Debug|Any CPU
		{9B1BAD38-C9F1-462F-9E32-0BA266CC7A1D}.Release|Any CPU.ActiveCfg = Release|Any CPU
		{9B1BAD38-C9F1-462F-9E32-0BA266CC7A1D}.Release|Any CPU.Build.0 = Release|Any CPU
	EndGlobalSection
	GlobalSection(SolutionProperties) = preSolution
		HideSolutionNode = FALSE
	EndGlobalSection
	GlobalSection(ExtensibilityGlobals) = postSolution
		SolutionGuid = {C684DC40-A1C7-48C2-977F-7DCB9CEA3B94}
	EndGlobalSection
EndGlobal
