
Microsoft Visual Studio Solution File, Format Version 12.00
# Visual Studio Version 17
VisualStudioVersion = 17.0.32112.339
MinimumVisualStudioVersion = 10.0.40219.1
Project("{FAE04EC0-301F-11D3-BF4B-00C04F79EFBC}") = "WpfAppVorbereitungDataFPA", "WpfAppVorbereitungDataFPA\WpfAppVorbereitungDataFPA.csproj", "{670F7C56-7D4B-4FD0-BE64-08095DC54164}"
EndProject
Global
	GlobalSection(SolutionConfigurationPlatforms) = preSolution
		Debug|Any CPU = Debug|Any CPU
		Release|Any CPU = Release|Any CPU
	EndGlobalSection
	GlobalSection(ProjectConfigurationPlatforms) = postSolution
		{670F7C56-7D4B-4FD0-BE64-08095DC54164}.Debug|Any CPU.ActiveCfg = Debug|Any CPU
		{670F7C56-7D4B-4FD0-BE64-08095DC54164}.Debug|Any CPU.Build.0 = Debug|Any CPU
		{670F7C56-7D4B-4FD0-BE64-08095DC54164}.Release|Any CPU.ActiveCfg = Release|Any CPU
		{670F7C56-7D4B-4FD0-BE64-08095DC54164}.Release|Any CPU.Build.0 = Release|Any CPU
	EndGlobalSection
	GlobalSection(SolutionProperties) = preSolution
		HideSolutionNode = FALSE
	EndGlobalSection
	GlobalSection(ExtensibilityGlobals) = postSolution
		SolutionGuid = {65BBE4E3-3C87-449B-B7A8-24ED3E0B4A89}
	EndGlobalSection
EndGlobal
