
Microsoft Visual Studio Solution File, Format Version 12.00
# Visual Studio Version 17
VisualStudioVersion = 17.0.32112.339
MinimumVisualStudioVersion = 10.0.40219.1
Project("{FAE04EC0-301F-11D3-BF4B-00C04F79EFBC}") = "WindowsFormsAppEimer", "WindowsFormsAppEimer\WindowsFormsAppEimer.csproj", "{918D49C4-C884-4F20-A3FC-8CEADC88E21C}"
EndProject
Global
	GlobalSection(SolutionConfigurationPlatforms) = preSolution
		Debug|Any CPU = Debug|Any CPU
		Release|Any CPU = Release|Any CPU
	EndGlobalSection
	GlobalSection(ProjectConfigurationPlatforms) = postSolution
		{918D49C4-C884-4F20-A3FC-8CEADC88E21C}.Debug|Any CPU.ActiveCfg = Debug|Any CPU
		{918D49C4-C884-4F20-A3FC-8CEADC88E21C}.Debug|Any CPU.Build.0 = Debug|Any CPU
		{918D49C4-C884-4F20-A3FC-8CEADC88E21C}.Release|Any CPU.ActiveCfg = Release|Any CPU
		{918D49C4-C884-4F20-A3FC-8CEADC88E21C}.Release|Any CPU.Build.0 = Release|Any CPU
	EndGlobalSection
	GlobalSection(SolutionProperties) = preSolution
		HideSolutionNode = FALSE
	EndGlobalSection
	GlobalSection(ExtensibilityGlobals) = postSolution
		SolutionGuid = {FA94516F-7641-4CC9-83FB-4F1002604817}
	EndGlobalSection
EndGlobal
