
Microsoft Visual Studio Solution File, Format Version 12.00
# Visual Studio Version 17
VisualStudioVersion = 17.0.32112.339
MinimumVisualStudioVersion = 10.0.40219.1
Project("{FAE04EC0-301F-11D3-BF4B-00C04F79EFBC}") = "ConsoleAppAutorennen", "ConsoleAppAutorennen\ConsoleAppAutorennen.csproj", "{0CA60E67-0B21-4303-BA1D-CEF32CDBD8E3}"
EndProject
Global
	GlobalSection(SolutionConfigurationPlatforms) = preSolution
		Debug|Any CPU = Debug|Any CPU
		Release|Any CPU = Release|Any CPU
	EndGlobalSection
	GlobalSection(ProjectConfigurationPlatforms) = postSolution
		{0CA60E67-0B21-4303-BA1D-CEF32CDBD8E3}.Debug|Any CPU.ActiveCfg = Debug|Any CPU
		{0CA60E67-0B21-4303-BA1D-CEF32CDBD8E3}.Debug|Any CPU.Build.0 = Debug|Any CPU
		{0CA60E67-0B21-4303-BA1D-CEF32CDBD8E3}.Release|Any CPU.ActiveCfg = Release|Any CPU
		{0CA60E67-0B21-4303-BA1D-CEF32CDBD8E3}.Release|Any CPU.Build.0 = Release|Any CPU
	EndGlobalSection
	GlobalSection(SolutionProperties) = preSolution
		HideSolutionNode = FALSE
	EndGlobalSection
	GlobalSection(ExtensibilityGlobals) = postSolution
		SolutionGuid = {49E48BEE-C2A3-4FFC-AA1B-77D7C2C3E340}
	EndGlobalSection
EndGlobal
