
Microsoft Visual Studio Solution File, Format Version 12.00
# Visual Studio Version 17
VisualStudioVersion = 17.0.32112.339
MinimumVisualStudioVersion = 10.0.40219.1
Project("{FAE04EC0-301F-11D3-BF4B-00C04F79EFBC}") = "WpfAppDataset", "WpfAppDataset\WpfAppDataset.csproj", "{FEC7021D-8BC6-4AF6-82F7-A7F5712ACD6D}"
EndProject
Global
	GlobalSection(SolutionConfigurationPlatforms) = preSolution
		Debug|Any CPU = Debug|Any CPU
		Release|Any CPU = Release|Any CPU
	EndGlobalSection
	GlobalSection(ProjectConfigurationPlatforms) = postSolution
		{FEC7021D-8BC6-4AF6-82F7-A7F5712ACD6D}.Debug|Any CPU.ActiveCfg = Debug|Any CPU
		{FEC7021D-8BC6-4AF6-82F7-A7F5712ACD6D}.Debug|Any CPU.Build.0 = Debug|Any CPU
		{FEC7021D-8BC6-4AF6-82F7-A7F5712ACD6D}.Release|Any CPU.ActiveCfg = Release|Any CPU
		{FEC7021D-8BC6-4AF6-82F7-A7F5712ACD6D}.Release|Any CPU.Build.0 = Release|Any CPU
	EndGlobalSection
	GlobalSection(SolutionProperties) = preSolution
		HideSolutionNode = FALSE
	EndGlobalSection
	GlobalSection(ExtensibilityGlobals) = postSolution
		SolutionGuid = {84476E31-350D-4D9A-B5D1-5BF1B2ADF922}
	EndGlobalSection
EndGlobal
