
Microsoft Visual Studio Solution File, Format Version 12.00
# Visual Studio Version 17
VisualStudioVersion = 17.3.32901.215
MinimumVisualStudioVersion = 10.0.40219.1
Project("{FAE04EC0-301F-11D3-BF4B-00C04F79EFBC}") = "WpfAppPerson", "WpfAppPerson.csproj", "{7E7BB355-0117-4655-A9AA-70A52A9DA4F7}"
EndProject
Global
	GlobalSection(SolutionConfigurationPlatforms) = preSolution
		Debug|Any CPU = Debug|Any CPU
		Release|Any CPU = Release|Any CPU
	EndGlobalSection
	GlobalSection(ProjectConfigurationPlatforms) = postSolution
		{7E7BB355-0117-4655-A9AA-70A52A9DA4F7}.Debug|Any CPU.ActiveCfg = Debug|Any CPU
		{7E7BB355-0117-4655-A9AA-70A52A9DA4F7}.Debug|Any CPU.Build.0 = Debug|Any CPU
		{7E7BB355-0117-4655-A9AA-70A52A9DA4F7}.Release|Any CPU.ActiveCfg = Release|Any CPU
		{7E7BB355-0117-4655-A9AA-70A52A9DA4F7}.Release|Any CPU.Build.0 = Release|Any CPU
	EndGlobalSection
	GlobalSection(SolutionProperties) = preSolution
		HideSolutionNode = FALSE
	EndGlobalSection
	GlobalSection(ExtensibilityGlobals) = postSolution
		SolutionGuid = {006933B6-E4D2-4F1D-AF19-39DE8AFA3774}
	EndGlobalSection
EndGlobal
