
Microsoft Visual Studio Solution File, Format Version 12.00
# Visual Studio Version 17
VisualStudioVersion = 17.0.32112.339
MinimumVisualStudioVersion = 10.0.40219.1
Project("{FAE04EC0-301F-11D3-BF4B-00C04F79EFBC}") = "WindowsFormsAppHaustiermanager", "WindowsFormsAppHaustiermanager\WindowsFormsAppHaustiermanager.csproj", "{09059924-2C8E-429E-B36F-70B4F1201DC4}"
EndProject
Global
	GlobalSection(SolutionConfigurationPlatforms) = preSolution
		Debug|Any CPU = Debug|Any CPU
		Release|Any CPU = Release|Any CPU
	EndGlobalSection
	GlobalSection(ProjectConfigurationPlatforms) = postSolution
		{09059924-2C8E-429E-B36F-70B4F1201DC4}.Debug|Any CPU.ActiveCfg = Debug|Any CPU
		{09059924-2C8E-429E-B36F-70B4F1201DC4}.Debug|Any CPU.Build.0 = Debug|Any CPU
		{09059924-2C8E-429E-B36F-70B4F1201DC4}.Release|Any CPU.ActiveCfg = Release|Any CPU
		{09059924-2C8E-429E-B36F-70B4F1201DC4}.Release|Any CPU.Build.0 = Release|Any CPU
	EndGlobalSection
	GlobalSection(SolutionProperties) = preSolution
		HideSolutionNode = FALSE
	EndGlobalSection
	GlobalSection(ExtensibilityGlobals) = postSolution
		SolutionGuid = {6B68733A-CBCE-4CBC-A411-1B4F1A8328D7}
	EndGlobalSection
EndGlobal
